{
  "name": "@socketsecurity/socket-patch",
  "version": "3.3.0",
  "lockfileVersion": 3,
  "requires": true,
  "packages": {
    "": {
      "name": "@socketsecurity/socket-patch",
      "version": "3.3.0",
      "license": "MIT",
      "dependencies": {
        "zod": "3.25.76"
      },
      "bin": {
        "socket-patch": "bin/socket-patch"
      },
      "devDependencies": {
        "@types/node": "20.19.41",
        "typescript": "5.9.3"
      },
      "engines": {
        "node": ">=18.0.0"
      },
      "optionalDependencies": {
        "@socketsecurity/socket-patch-android-arm64": "3.3.0",
        "@socketsecurity/socket-patch-darwin-arm64": "3.3.0",
        "@socketsecurity/socket-patch-darwin-x64": "3.3.0",
        "@socketsecurity/socket-patch-linux-arm-gnu": "3.3.0",
        "@socketsecurity/socket-patch-linux-arm-musl": "3.3.0",
        "@socketsecurity/socket-patch-linux-arm64-gnu": "3.3.0",
        "@socketsecurity/socket-patch-linux-arm64-musl": "3.3.0",
        "@socketsecurity/socket-patch-linux-ia32-gnu": "3.3.0",
        "@socketsecurity/socket-patch-linux-ia32-musl": "3.3.0",
        "@socketsecurity/socket-patch-linux-x64-gnu": "3.3.0",
        "@socketsecurity/socket-patch-linux-x64-musl": "3.3.0",
        "@socketsecurity/socket-patch-win32-arm64": "3.3.0",
        "@socketsecurity/socket-patch-win32-ia32": "3.3.0",
        "@socketsecurity/socket-patch-win32-x64": "3.3.0"
      }
    },
    "node_modules/@socketsecurity/socket-patch-android-arm64": {
      "version": "3.3.0",
      "resolved": "https://registry.npmjs.org/@socketsecurity/socket-patch-android-arm64/-/socket-patch-android-arm64-3.3.0.tgz",
      "integrity": "sha512-lLIMZtkmN0iXP00bO9oia0NIfvi0E9OZsVtPWh3BYwDgFfUcSxm2swfW0jWUoeFiPi/eEy+spvSqQkghPjhMhw==",
      "cpu": [
        "arm64"
      ],
      "license": "MIT",
      "optional": true,
      "os": [
        "android"
      ]
    },
    "node_modules/@socketsecurity/socket-patch-darwin-arm64": {
      "version": "3.3.0",
      "resolved": "https://registry.npmjs.org/@socketsecurity/socket-patch-darwin-arm64/-/socket-patch-darwin-arm64-3.3.0.tgz",
      "integrity": "sha512-vmkJUa4i/o+CQcXBg7L2nfjj71cdCUsdDlgYexYiDh5U8xwOFGNgdAfKFoIj8loBd7l5ZBmdtxH8WuVfB85rIg==",
      "cpu": [
        "arm64"
      ],
      "license": "MIT",
      "optional": true,
      "os": [
        "darwin"
      ]
    },
    "node_modules/@socketsecurity/socket-patch-darwin-x64": {
      "version": "3.3.0",
      "resolved": "https://registry.npmjs.org/@socketsecurity/socket-patch-darwin-x64/-/socket-patch-darwin-x64-3.3.0.tgz",
      "integrity": "sha512-ycEDhOD2f8cpTVROKKPcZ95iAKO2lRpBYaOnDgvHWY+/gyz8TbkUWk0tGk9/JygMdpxBfsoehp47WJgAiyYr0g==",
      "cpu": [
        "x64"
      ],
      "license": "MIT",
      "optional": true,
      "os": [
        "darwin"
      ]
    },
    "node_modules/@socketsecurity/socket-patch-linux-arm-gnu": {
      "version": "3.3.0",
      "resolved": "https://registry.npmjs.org/@socketsecurity/socket-patch-linux-arm-gnu/-/socket-patch-linux-arm-gnu-3.3.0.tgz",
      "integrity": "sha512-zFQASt8I4x/A+TAndLeL3X0llKIbg4mCIpcLBuaTKZP47mvXbumH+lJHTvx+i0ieRC5sm7x/i4BXNGE2gWjU8A==",
      "cpu": [
        "arm"
      ],
      "license": "MIT",
      "optional": true,
      "os": [
        "linux"
      ]
    },
    "node_modules/@socketsecurity/socket-patch-linux-arm-musl": {
      "version": "3.3.0",
      "resolved": "https://registry.npmjs.org/@socketsecurity/socket-patch-linux-arm-musl/-/socket-patch-linux-arm-musl-3.3.0.tgz",
      "integrity": "sha512-6Qnh0hM8QqqjIdF6IrmgrVxVm12kosWuZL9OW0/QWUy/cYRUr7vfX7Y86rpT8Qy18ljHm0VWgSAd20bePNcYxg==",
      "cpu": [
        "arm"
      ],
      "license": "MIT",
      "optional": true,
      "os": [
        "linux"
      ]
    },
    "node_modules/@socketsecurity/socket-patch-linux-arm64-gnu": {
      "version": "3.3.0",
      "resolved": "https://registry.npmjs.org/@socketsecurity/socket-patch-linux-arm64-gnu/-/socket-patch-linux-arm64-gnu-3.3.0.tgz",
      "integrity": "sha512-7dfLWAlVg+/R/2UBEbTKxg7XvpA6NEzMAVxuXHrOLQLNOTCVN29b9oN7v5HPAPDVY4xQQLhF+RT57feM9llW8A==",
      "cpu": [
        "arm64"
      ],
      "license": "MIT",
      "optional": true,
      "os": [
        "linux"
      ]
    },
    "node_modules/@socketsecurity/socket-patch-linux-arm64-musl": {
      "version": "3.3.0",
      "resolved": "https://registry.npmjs.org/@socketsecurity/socket-patch-linux-arm64-musl/-/socket-patch-linux-arm64-musl-3.3.0.tgz",
      "integrity": "sha512-Y8lb86qNsSSVY7BCbCTHrx0kf3nsf0CuF9ZHNplcjGWQ/UY7/k9cUssG4Q/nwzYkszEHXo7T3DeitPyRsf9MJg==",
      "cpu": [
        "arm64"
      ],
      "license": "MIT",
      "optional": true,
      "os": [
        "linux"
      ]
    },
    "node_modules/@socketsecurity/socket-patch-linux-ia32-gnu": {
      "version": "3.3.0",
      "resolved": "https://registry.npmjs.org/@socketsecurity/socket-patch-linux-ia32-gnu/-/socket-patch-linux-ia32-gnu-3.3.0.tgz",
      "integrity": "sha512-30iGdXP5HcFV7czBRFOEHDYrqrY66m65WWE9gazXr6EFxolJK+O+Y0r5btxyL1kKGekdw59Kb+/6FrdwhLHRTQ==",
      "cpu": [
        "ia32"
      ],
      "license": "MIT",
      "optional": true,
      "os": [
        "linux"
      ]
    },
    "node_modules/@socketsecurity/socket-patch-linux-ia32-musl": {
      "version": "3.3.0",
      "resolved": "https://registry.npmjs.org/@socketsecurity/socket-patch-linux-ia32-musl/-/socket-patch-linux-ia32-musl-3.3.0.tgz",
      "integrity": "sha512-8N/ekSSumoJEkhNrG+d2iIYkhF0mMyEyd4DLdkEztVDNX4qBek/R4l/jhP+RpmXEppfalfnC08xa0aNnylWa3w==",
      "cpu": [
        "ia32"
      ],
      "license": "MIT",
      "optional": true,
      "os": [
        "linux"
      ]
    },
    "node_modules/@socketsecurity/socket-patch-linux-x64-gnu": {
      "version": "3.3.0",
      "resolved": "https://registry.npmjs.org/@socketsecurity/socket-patch-linux-x64-gnu/-/socket-patch-linux-x64-gnu-3.3.0.tgz",
      "integrity": "sha512-tM8L6jyjRFQipCL80QaOrqQVctba7NqKlkdcAUEwp99h2kbGHCaFM0DF2Uw00zgdgT9aOL1N8X11VOFWbYE76w==",
      "cpu": [
        "x64"
      ],
      "license": "MIT",
      "optional": true,
      "os": [
        "linux"
      ]
    },
    "node_modules/@socketsecurity/socket-patch-linux-x64-musl": {
      "version": "3.3.0",
      "resolved": "https://registry.npmjs.org/@socketsecurity/socket-patch-linux-x64-musl/-/socket-patch-linux-x64-musl-3.3.0.tgz",
      "integrity": "sha512-rkcrcwS3APMKzn90gHtsZqCz7lAwBi1uTJ0N7mipfcqycIO4VZ7rpcNDY+4A8WPvegY00oMOpyybBzcMMzQWYQ==",
      "cpu": [
        "x64"
      ],
      "license": "MIT",
      "optional": true,
      "os": [
        "linux"
      ]
    },
    "node_modules/@socketsecurity/socket-patch-win32-arm64": {
      "version": "3.3.0",
      "resolved": "https://registry.npmjs.org/@socketsecurity/socket-patch-win32-arm64/-/socket-patch-win32-arm64-3.3.0.tgz",
      "integrity": "sha512-iFCn/IPWFLJJ40XTl1RaoSLFwfDvNYFsqmU3NU1UboOOIl9MWAX8Wz6Q+NVPurtKcc+/iN5+A7rsseJCVLpvFQ==",
      "cpu": [
        "arm64"
      ],
      "license": "MIT",
      "optional": true,
      "os": [
        "win32"
      ]
    },
    "node_modules/@socketsecurity/socket-patch-win32-ia32": {
      "version": "3.3.0",
      "resolved": "https://registry.npmjs.org/@socketsecurity/socket-patch-win32-ia32/-/socket-patch-win32-ia32-3.3.0.tgz",
      "integrity": "sha512-v4DflqE+ioWj8DUZQz9VZQ9qK2/EuKHdKNUaPWBDEb/KC+Rgw3KsjcjOdIu2eSVHxvKLlVxxkSN79jMSzaizvw==",
      "cpu": [
        "ia32"
      ],
      "license": "MIT",
      "optional": true,
      "os": [
        "win32"
      ]
    },
    "node_modules/@socketsecurity/socket-patch-win32-x64": {
      "version": "3.3.0",
      "resolved": "https://registry.npmjs.org/@socketsecurity/socket-patch-win32-x64/-/socket-patch-win32-x64-3.3.0.tgz",
      "integrity": "sha512-nY3k/XAmsD3YJsuTDVJjVQqEyJszO0LGwcNZH0RV0dQHWFinuPUvBGmpn29IVURT9rRVSs9WQmSXlYXPs1Mxpw==",
      "cpu": [
        "x64"
      ],
      "license": "MIT",
      "optional": true,
      "os": [
        "win32"
      ]
    },
    "node_modules/@types/node": {
      "version": "20.19.41",
      "resolved": "https://registry.npmjs.org/@types/node/-/node-20.19.41.tgz",
      "integrity": "sha512-ECymXOukMnOoVkC2bb1Vc/w/836DXncOg5m8Xj1RH7xSHZJWNYY6Zh7EH477vcnD5egKNNfy2RpNOmuChhFPgQ==",
      "dev": true,
      "license": "MIT",
      "dependencies": {
        "undici-types": "~6.21.0"
      }
    },
    "node_modules/typescript": {
      "version": "5.9.3",
      "resolved": "https://registry.npmjs.org/typescript/-/typescript-5.9.3.tgz",
      "integrity": "sha512-jl1vZzPDinLr9eUt3J/t7V6FgNEw9QjvBPdysz9KfQDD41fQrC2Y4vKQdiaUpFT4bXlb1RHhLpp8wtm6M5TgSw==",
      "dev": true,
      "license": "Apache-2.0",
      "bin": {
        "tsc": "bin/tsc",
        "tsserver": "bin/tsserver"
      },
      "engines": {
        "node": ">=14.17"
      }
    },
    "node_modules/undici-types": {
      "version": "6.21.0",
      "resolved": "https://registry.npmjs.org/undici-types/-/undici-types-6.21.0.tgz",
      "integrity": "sha512-iwDZqg0QAGrg9Rav5H4n0M64c3mkR59cJ6wQp+7C4nI0gsmExaedaYLNO44eT4AtBBwjbTiGPMlt2Md0T9H9JQ==",
      "dev": true,
      "license": "MIT"
    },
    "node_modules/zod": {
      "version": "3.25.76",
      "resolved": "https://registry.npmjs.org/zod/-/zod-3.25.76.tgz",
      "integrity": "sha512-gzUt/qt81nXsFGKIFcC3YnfEAx5NkunCfnDlvuBSSFS02bcXu4Lmea0AFIUwbLWxWPx3d9p8S5QoaujKcNQxcQ==",
      "license": "MIT",
      "funding": {
        "url": "https://github.com/sponsors/colinhacks"
      }
    }
  }
}
