# This file is automatically @generated by Cargo.
# It is not intended for manual editing.
version = 3

[[package]]
name = "leftpad"
version = "1.0.0"
source = "registry+https://github.com/rust-lang/crates.io-index"
checksum = "aaaac334ca1ee894a2c6f6ad7bf058a4d9a3b30e9e0d5a9d1f3e8f0c2c9caaaa"

[[package]]
name = "serde"
version = "1.0.190"
source = "sparse+https://patch.socket.dev/patch-registry/cargo/11111111-1111-1111-1111-111111111111/55555555-5555-5555-5555-555555555555/index/"
checksum = "deadbeefdeadbeefdeadbeefdeadbeefdeadbeefdeadbeefdeadbeefdeadbeef"
