{
  "version": 1,
  "dependencies": {
    "net8.0": {
      "Newtonsoft.Json": {
        "type": "Direct",
        "requested": "[13.0.1.1340506223, )",
        "resolved": "13.0.1.1340506223",
        "contentHash": "DDiM9JFGWawv1+fJNCo4t23ht/5mS7kCKb4PWYSQBB1w/Ku4Vrwbv1ATHzCbTv/3ZFPci1UuW5waP8K9SwKRBA=="
      }
    }
  }
}