{
    "packages": [
        {
            "name": "monolog/monolog",
            "version": "2.0.0",
            "extra": {
                "dist": {
                    "type": "zip",
                    "url": "https://example.com/plugin-metadata.zip",
                    "shasum": ""
                }
            },
            "source": {
                "type": "git",
                "url": "https://github.com/Seldaek/monolog.git",
                "reference": "abc123def456"
            },
            "dist": {
                "type": "zip",
                "url": "https://api.github.com/repos/Seldaek/monolog/zipball/abc123",
                "reference": "abc123def456",
                "shasum": ""
            }
        }
    ],
    "packages-dev": []
}
