{
    "_meta": {
        "hash": {
            "sha256": "f8e0c7b92c5284e6714e10e481dd901db34954cbb471d506a870bc626cfa67c9"
        },
        "pipfile-spec": 6,
        "requires": {},
        "sources": [
            {
                "name": "pypi",
                "url": "https://pypi.org/simple",
                "verify_ssl": true
            }
        ]
    },
    "default": {
        "urllib3": {
            "hashes": [
                "sha256:34b97092d7e0a3a8cf7cd10e386f401b3737364026c45e622aa02903dffe0f07",
                "sha256:f8ecc1bba5667413457c529ab955bf8c67b45db799d159066261719e328580a0"
            ],
            "index": "pypi",
            "markers": "python_version > '4'",
            "version": "==1.26.18"
        }
    },
    "develop": {}
}
