{
  "lockfileVersion": 2,
  "configVersion": 1,
  "workspaces": {
    "": {
      "name": "app",
      "dependencies": {
        "dep": "file:./dep",
        "minimist": "github:minimistjs/minimist#v1.2.2",
      },
    },
  },
  "packages": {
    "dep": ["dep@file:dep", { "dependencies": { "minimist": "1.2.2" } }],

    "minimist": ["minimist@github:minimistjs/minimist#c12a808", {}, "minimistjs-minimist-c12a808", "sha512-0W/PkdzQok01aYvzupeEUiLDVdl+KxE8JD35lx23fMz2xi1LP844aaBqSg7IxqXVwwQpZJyCrNdbw9hoLkyZ6w=="],

    "dep/minimist": ["minimist@1.2.2", "", {}, "sha512-rIqbOrKb8GJmx/5bc2M0QchhUouMXSpd1RTclXsB41JdL+VtnojfaJR+h7F9k18/4kHUsBFgk80Uk+q569vjPA=="],
  }
}
