# This file is generated by running "yarn install" inside your project.
# Manual changes might be lost - proceed with caution!

__metadata:
  version: 8
  cacheKey: 10c0

"app@workspace:.":
  version: 0.0.0-use.local
  resolution: "app@workspace:."
  dependencies:
    bufferutil: "npm:4.0.8"
    nan: "npm:2.22.0"
  languageName: unknown
  linkType: soft

"bufferutil@https://registry.npmjs.org/bufferutil/-/bufferutil-4.0.8.tgz":
  version: 4.0.8
  resolution: "bufferutil@https://registry.npmjs.org/bufferutil/-/bufferutil-4.0.8.tgz"
  dependencies:
    node-gyp-build: "npm:^4.3.0"
  checksum: 10c0/36cdc5b53a38d9f61f89fdbe62029a2ebcd020599862253fefebe31566155726df9ff961f41b8c97b02b4c12b391ef97faf94e2383392654cf8f0ed68f76e47c
  languageName: node
  linkType: hard

"nan@https://registry.npmjs.org/nan/-/nan-2.22.0.tgz":
  version: 2.22.0
  resolution: "nan@https://registry.npmjs.org/nan/-/nan-2.22.0.tgz"
  checksum: 10c0/d5d31aefdb218deba308d44867c5f432b4d3aabeb57c70a2b236d62652e9fee7044e5d5afd380d9fef022fe7ebb2f2d6c85ca3cbcac5031aaca3592c844526bb
  languageName: node
  linkType: hard

"node-gyp-build@npm:^4.3.0":
  version: 4.8.4
  resolution: "node-gyp-build@npm:4.8.4"
  bin:
    node-gyp-build: bin.js
    node-gyp-build-optional: optional.js
    node-gyp-build-test: build-test.js
  checksum: 10c0/444e189907ece2081fe60e75368784f7782cfddb554b60123743dfb89509df89f1f29c03bbfa16b3a3e0be3f48799a4783f487da6203245fa5bed239ba7407e1
  languageName: node
  linkType: hard
