{
  "version": 2,
  "dependencies": {
    "net8.0": {
      "Newtonsoft.Json.Bson": {
        "type": "Direct",
        "requested": "[1.0.2, )",
        "resolved": "1.0.2",
        "contentHash": "QYFyxhaABwmq3p/21VrZNYvCg3DaEoN/wUuw5nmfAf0X3HLjgupwhkEWdgfb9nvGAUIv3osmZoD3kKl4jxEmYQ==",
        "dependencies": {
          "Newtonsoft.Json": "12.0.1"
        }
      },
      "Newtonsoft.Json": {
        "type": "CentralTransitive",
        "requested": "[13.0.1.1340506223, )",
        "resolved": "13.0.1.1340506223",
        "contentHash": "DDiM9JFGWawv1+fJNCo4t23ht/5mS7kCKb4PWYSQBB1w/Ku4Vrwbv1ATHzCbTv/3ZFPci1UuW5waP8K9SwKRBA=="
      }
    }
  }
}