lockfileVersion: '9.0'

settings:
  autoInstallPeers: true
  excludeLinksFromLockfile: false

importers:

  .:
    dependencies:
      consumer:
        specifier: file:./consumer
        version: file:consumer
      left-pad:
        specifier: 1.3.0
        version: 1.3.0
      left-pad-old:
        specifier: npm:left-pad@1.2.0
        version: left-pad@1.2.0

packages:

  consumer@file:consumer:
    resolution: {directory: consumer, type: directory}

  left-pad@1.2.0:
    resolution: {integrity: sha512-OQadpCyFCT/VLniZQgym8d3/ofIJtuZyw2ibsVeIUOexKgW/osn8+mMFJbwGMPeDC4GnLzD8q115WPCDx4YRWg==}
    deprecated: use String.prototype.padStart()

  left-pad@1.3.0:
    resolution: {integrity: sha512-XI5MPzVNApjAyhQzphX8BkmKsKUxD4LdyK24iZeQGinBN9yTQT3bFlCBy/aVx2HrNcqQGsdot8ghrjyrvMCoEA==}
    deprecated: use String.prototype.padStart()

snapshots:

  consumer@file:consumer:
    dependencies:
      left-pad: 1.3.0

  left-pad@1.2.0: {}

  left-pad@1.3.0: {}
