# This file is automatically @generated by Cargo.
# It is not intended for manual editing.
version = 4

[[package]]
name = "alpha"
version = "1.0.0+socket.11111111-1111-4111-8111-000000000001"

[[package]]
name = "beta"
version = "1.0.0+socket.11111111-1111-4111-8111-000000000002"

[[package]]
name = "app"
version = "0.1.0"
dependencies = [
 "alpha",
 "beta",
]
