version = 1
revision = 3
requires-python = ">=3.10"

[[package]]
name = "proj"
version = "0.1.0"
source = { virtual = "." }
dependencies = [
    { name = "six" },
]

[package.metadata]
requires-dist = [{ name = "six", path = ".socket/vendor/pypi/9f6b2c4e-1d3a-4f6b-8c2d-7e5a9b1c3d5f/six-1.16.0-py2.py3-none-any.whl" }]

[[package]]
name = "six"
version = "1.16.0"
source = { path = ".socket/vendor/pypi/9f6b2c4e-1d3a-4f6b-8c2d-7e5a9b1c3d5f/six-1.16.0-py2.py3-none-any.whl" }
wheels = [
    { filename = "six-1.16.0-py2.py3-none-any.whl", hash = "sha256:8abb2f1d86890a2dfb989f9a77cfcfd3e47c2a354b01111771326f8aa26e0254" },
]
