GEM
  remote: https://rubygems.org/
  specs:
    puma (6.0.0)
    rails (7.0.0)

PLATFORMS
  ruby

DEPENDENCIES
  puma (= 6.0.0)
  rails (= 7.0.0)

CHECKSUMS
  puma (6.0.0) sha256=1111111111111111111111111111111111111111111111111111111111111111
  rails (7.0.0) sha256=deadbeefdeadbeefdeadbeefdeadbeefdeadbeefdeadbeefdeadbeefdeadbeef

BUNDLED WITH
   2.6.2
