{
    "_readme": [
        "This file locks the dependencies of your project to a known state"
    ],
    "content-hash": "abc123def456abc123def456abc1",
    "packages": [
        {
            "name": "monolog/monolog",
            "version": "2.0.0",
            "dist": {
                "type": "zip",
                "url": "https:\/\/api.github.com\/repos\/Seldaek\/monolog\/zipball\/abc123",
                "reference": "abc123def456",
                "shasum": ""
            }
        }
    ],
    "packages-dev": []
}
